// !$*UTF8*$!
{
	archiveVersion = 1;
	classes = {
	};
	objectVersion = 55;
	objects = {

/* Begin PBXBuildFile section */
		C97DF11927F0372D001E81E7 /* MainTabBar.swift in Sources */ = {isa = PBXBuildFile; fileRef = C97DF11827F0372D001E81E7 /* MainTabBar.swift */; };
		C97DF11B27F040B2001E81E7 /* CoreDataError.swift in Sources */ = {isa = PBXBuildFile; fileRef = C97DF11A27F040B2001E81E7 /* CoreDataError.swift */; };
		C988AAB927EC942800AFF9E0 /* AppDelegate.swift in Sources */ = {isa = PBXBuildFile; fileRef = C988AAB827EC942800AFF9E0 /* AppDelegate.swift */; };
		C988AABB27EC942800AFF9E0 /* SceneDelegate.swift in Sources */ = {isa = PBXBuildFile; fileRef = C988AABA27EC942800AFF9E0 /* SceneDelegate.swift */; };
		C988AAC227EC942B00AFF9E0 /* Assets.xcassets in Resources */ = {isa = PBXBuildFile; fileRef = C988AAC127EC942B00AFF9E0 /* Assets.xcassets */; };
		C988AAC527EC942B00AFF9E0 /* LaunchScreen.storyboard in Resources */ = {isa = PBXBuildFile; fileRef = C988AAC327EC942B00AFF9E0 /* LaunchScreen.storyboard */; };
		C988AACF27EC947B00AFF9E0 /* NewsViewController.swift in Sources */ = {isa = PBXBuildFile; fileRef = C988AACE27EC947B00AFF9E0 /* NewsViewController.swift */; };
		C988AAD327EC94C700AFF9E0 /* NewsCell.swift in Sources */ = {isa = PBXBuildFile; fileRef = C988AAD227EC94C700AFF9E0 /* NewsCell.swift */; };
		C988AADB27EC950D00AFF9E0 /* NewsService.swift in Sources */ = {isa = PBXBuildFile; fileRef = C988AADA27EC950D00AFF9E0 /* NewsService.swift */; };
		C988AADE27EC952300AFF9E0 /* News.swift in Sources */ = {isa = PBXBuildFile; fileRef = C988AADD27EC952300AFF9E0 /* News.swift */; };
		C988AAE227EC95E000AFF9E0 /* APIError.swift in Sources */ = {isa = PBXBuildFile; fileRef = C988AAE127EC95E000AFF9E0 /* APIError.swift */; };
		C988AAE427EC993200AFF9E0 /* NImageView.swift in Sources */ = {isa = PBXBuildFile; fileRef = C988AAE327EC993200AFF9E0 /* NImageView.swift */; };
		C988AAE627EC99D200AFF9E0 /* NLabel.swift in Sources */ = {isa = PBXBuildFile; fileRef = C988AAE527EC99D200AFF9E0 /* NLabel.swift */; };
		C988AAEB27ECC70B00AFF9E0 /* FavoritesVC.swift in Sources */ = {isa = PBXBuildFile; fileRef = C988AAEA27ECC70B00AFF9E0 /* FavoritesVC.swift */; };
		C9907BAF27EF043500692CA6 /* APISettings.swift in Sources */ = {isa = PBXBuildFile; fileRef = C9907BAE27EF043500692CA6 /* APISettings.swift */; };
		C9907BBF27EF6C4F00692CA6 /* NewsAppModel.xcdatamodeld in Sources */ = {isa = PBXBuildFile; fileRef = C9907BBD27EF6C4F00692CA6 /* NewsAppModel.xcdatamodeld */; };
		C9907BC227EF6E6B00692CA6 /* DataPersistanceManager.swift in Sources */ = {isa = PBXBuildFile; fileRef = C9907BC127EF6E6B00692CA6 /* DataPersistanceManager.swift */; };
		C9907BC627EF71B200692CA6 /* FavoritesCell.swift in Sources */ = {isa = PBXBuildFile; fileRef = C9907BC527EF71B200692CA6 /* FavoritesCell.swift */; };
		C995FB2527EDCA780098003B /* UIHelper.swift in Sources */ = {isa = PBXBuildFile; fileRef = C995FB2427EDCA780098003B /* UIHelper.swift */; };
		C995FB2D27EDE42A0098003B /* NewsDetailVC.swift in Sources */ = {isa = PBXBuildFile; fileRef = C995FB2C27EDE42A0098003B /* NewsDetailVC.swift */; };
		C995FB2F27EE3FBD0098003B /* NButton.swift in Sources */ = {isa = PBXBuildFile; fileRef = C995FB2E27EE3FBD0098003B /* NButton.swift */; };
/* End PBXBuildFile section */

/* Begin PBXFileReference section */
		C97DF11827F0372D001E81E7 /* MainTabBar.swift */ = {isa = PBXFileReference; lastKnownFileType = sourcecode.swift; path = MainTabBar.swift; sourceTree = "<group>"; };
		C97DF11A27F040B2001E81E7 /* CoreDataError.swift */ = {isa = PBXFileReference; lastKnownFileType = sourcecode.swift; path = CoreDataError.swift; sourceTree = "<group>"; };
		C988AAB527EC942800AFF9E0 /* DailyNewsApp.app */ = {isa = PBXFileReference; explicitFileType = wrapper.application; includeInIndex = 0; path = DailyNewsApp.app; sourceTree = BUILT_PRODUCTS_DIR; };
		C988AAB827EC942800AFF9E0 /* AppDelegate.swift */ = {isa = PBXFileReference; lastKnownFileType = sourcecode.swift; path = AppDelegate.swift; sourceTree = "<group>"; };
		C988AABA27EC942800AFF9E0 /* SceneDelegate.swift */ = {isa = PBXFileReference; lastKnownFileType = sourcecode.swift; path = SceneDelegate.swift; sourceTree = "<group>"; };
		C988AAC127EC942B00AFF9E0 /* Assets.xcassets */ = {isa = PBXFileReference; lastKnownFileType = folder.assetcatalog; path = Assets.xcassets; sourceTree = "<group>"; };
		C988AAC427EC942B00AFF9E0 /* Base */ = {isa = PBXFileReference; lastKnownFileType = file.storyboard; name = Base; path = Base.lproj/LaunchScreen.storyboard; sourceTree = "<group>"; };
		C988AAC627EC942B00AFF9E0 /* Info.plist */ = {isa = PBXFileReference; lastKnownFileType = text.plist.xml; path = Info.plist; sourceTree = "<group>"; };
		C988AACE27EC947B00AFF9E0 /* NewsViewController.swift */ = {isa = PBXFileReference; lastKnownFileType = sourcecode.swift; path = NewsViewController.swift; sourceTree = "<group>"; };
		C988AAD227EC94C700AFF9E0 /* NewsCell.swift */ = {isa = PBXFileReference; lastKnownFileType = sourcecode.swift; path = NewsCell.swift; sourceTree = "<group>"; };
		C988AADA27EC950D00AFF9E0 /* NewsService.swift */ = {isa = PBXFileReference; lastKnownFileType = sourcecode.swift; path = NewsService.swift; sourceTree = "<group>"; };
		C988AADD27EC952300AFF9E0 /* News.swift */ = {isa = PBXFileReference; lastKnownFileType = sourcecode.swift; path = News.swift; sourceTree = "<group>"; };
		C988AAE127EC95E000AFF9E0 /* APIError.swift */ = {isa = PBXFileReference; lastKnownFileType = sourcecode.swift; path = APIError.swift; sourceTree = "<group>"; };
		C988AAE327EC993200AFF9E0 /* NImageView.swift */ = {isa = PBXFileReference; lastKnownFileType = sourcecode.swift; path = NImageView.swift; sourceTree = "<group>"; };
		C988AAE527EC99D200AFF9E0 /* NLabel.swift */ = {isa = PBXFileReference; lastKnownFileType = sourcecode.swift; path = NLabel.swift; sourceTree = "<group>"; };
		C988AAEA27ECC70B00AFF9E0 /* FavoritesVC.swift */ = {isa = PBXFileReference; lastKnownFileType = sourcecode.swift; path = FavoritesVC.swift; sourceTree = "<group>"; };
		C9907BAE27EF043500692CA6 /* APISettings.swift */ = {isa = PBXFileReference; lastKnownFileType = sourcecode.swift; path = APISettings.swift; sourceTree = "<group>"; };
		C9907BBE27EF6C4F00692CA6 /* NewsAppModel.xcdatamodel */ = {isa = PBXFileReference; lastKnownFileType = wrapper.xcdatamodel; path = NewsAppModel.xcdatamodel; sourceTree = "<group>"; };
		C9907BC127EF6E6B00692CA6 /* DataPersistanceManager.swift */ = {isa = PBXFileReference; lastKnownFileType = sourcecode.swift; path = DataPersistanceManager.swift; sourceTree = "<group>"; };
		C9907BC527EF71B200692CA6 /* FavoritesCell.swift */ = {isa = PBXFileReference; lastKnownFileType = sourcecode.swift; path = FavoritesCell.swift; sourceTree = "<group>"; };
		C995FB2427EDCA780098003B /* UIHelper.swift */ = {isa = PBXFileReference; lastKnownFileType = sourcecode.swift; path = UIHelper.swift; sourceTree = "<group>"; };
		C995FB2C27EDE42A0098003B /* NewsDetailVC.swift */ = {isa = PBXFileReference; lastKnownFileType = sourcecode.swift; path = NewsDetailVC.swift; sourceTree = "<group>"; };
		C995FB2E27EE3FBD0098003B /* NButton.swift */ = {isa = PBXFileReference; lastKnownFileType = sourcecode.swift; path = NButton.swift; sourceTree = "<group>"; };
/* End PBXFileReference section */

/* Begin PBXFrameworksBuildPhase section */
		C988AAB227EC942800AFF9E0 /* Frameworks */ = {
			isa = PBXFrameworksBuildPhase;
			buildActionMask = 2147483647;
			files = (
			);
			runOnlyForDeploymentPostprocessing = 0;
		};
/* End PBXFrameworksBuildPhase section */

/* Begin PBXGroup section */
		C97DF11727F03713001E81E7 /* TabBar */ = {
			isa = PBXGroup;
			children = (
				C97DF11827F0372D001E81E7 /* MainTabBar.swift */,
			);
			path = TabBar;
			sourceTree = "<group>";
		};
		C988AAAC27EC942800AFF9E0 = {
			isa = PBXGroup;
			children = (
				C988AAB727EC942800AFF9E0 /* DailyNewsApp */,
				C988AAB627EC942800AFF9E0 /* Products */,
			);
			sourceTree = "<group>";
		};
		C988AAB627EC942800AFF9E0 /* Products */ = {
			isa = PBXGroup;
			children = (
				C988AAB527EC942800AFF9E0 /* DailyNewsApp.app */,
			);
			name = Products;
			sourceTree = "<group>";
		};
		C988AAB727EC942800AFF9E0 /* DailyNewsApp */ = {
			isa = PBXGroup;
			children = (
				C988AAE027EC95CF00AFF9E0 /* Utilities */,
				C988AAD027EC94A000AFF9E0 /* CustomViews */,
				C988AADC27EC951200AFF9E0 /* Models */,
				C988AAD827EC94F300AFF9E0 /* Manager */,
				C988AACC27EC945500AFF9E0 /* Scenes */,
				C988AADF27EC953D00AFF9E0 /* Support */,
				C988AAC627EC942B00AFF9E0 /* Info.plist */,
				C9907BBD27EF6C4F00692CA6 /* NewsAppModel.xcdatamodeld */,
			);
			path = DailyNewsApp;
			sourceTree = "<group>";
		};
		C988AACC27EC945500AFF9E0 /* Scenes */ = {
			isa = PBXGroup;
			children = (
				C9907BB827EF526A00692CA6 /* NewsDetail */,
				C988AAE927ECC6F800AFF9E0 /* Favorites */,
				C988AACD27EC945F00AFF9E0 /* News */,
			);
			path = Scenes;
			sourceTree = "<group>";
		};
		C988AACD27EC945F00AFF9E0 /* News */ = {
			isa = PBXGroup;
			children = (
				C988AAD127EC94A900AFF9E0 /* NewsCell */,
				C988AACE27EC947B00AFF9E0 /* NewsViewController.swift */,
			);
			path = News;
			sourceTree = "<group>";
		};
		C988AAD027EC94A000AFF9E0 /* CustomViews */ = {
			isa = PBXGroup;
			children = (
				C97DF11727F03713001E81E7 /* TabBar */,
				C988AAD727EC94E500AFF9E0 /* Buttons */,
				C988AAD627EC94E000AFF9E0 /* Images */,
				C988AAD527EC94D700AFF9E0 /* Labels */,
			);
			path = CustomViews;
			sourceTree = "<group>";
		};
		C988AAD127EC94A900AFF9E0 /* NewsCell */ = {
			isa = PBXGroup;
			children = (
				C988AAD227EC94C700AFF9E0 /* NewsCell.swift */,
			);
			path = NewsCell;
			sourceTree = "<group>";
		};
		C988AAD527EC94D700AFF9E0 /* Labels */ = {
			isa = PBXGroup;
			children = (
				C988AAE527EC99D200AFF9E0 /* NLabel.swift */,
			);
			path = Labels;
			sourceTree = "<group>";
		};
		C988AAD627EC94E000AFF9E0 /* Images */ = {
			isa = PBXGroup;
			children = (
				C988AAE327EC993200AFF9E0 /* NImageView.swift */,
			);
			path = Images;
			sourceTree = "<group>";
		};
		C988AAD727EC94E500AFF9E0 /* Buttons */ = {
			isa = PBXGroup;
			children = (
				C995FB2E27EE3FBD0098003B /* NButton.swift */,
			);
			path = Buttons;
			sourceTree = "<group>";
		};
		C988AAD827EC94F300AFF9E0 /* Manager */ = {
			isa = PBXGroup;
			children = (
				C9907BC027EF6E5800692CA6 /* CoreDataService */,
				C988AAD927EC94F900AFF9E0 /* NewsService */,
			);
			path = Manager;
			sourceTree = "<group>";
		};
		C988AAD927EC94F900AFF9E0 /* NewsService */ = {
			isa = PBXGroup;
			children = (
				C988AADA27EC950D00AFF9E0 /* NewsService.swift */,
			);
			path = NewsService;
			sourceTree = "<group>";
		};
		C988AADC27EC951200AFF9E0 /* Models */ = {
			isa = PBXGroup;
			children = (
				C988AADD27EC952300AFF9E0 /* News.swift */,
			);
			path = Models;
			sourceTree = "<group>";
		};
		C988AADF27EC953D00AFF9E0 /* Support */ = {
			isa = PBXGroup;
			children = (
				C988AAB827EC942800AFF9E0 /* AppDelegate.swift */,
				C988AABA27EC942800AFF9E0 /* SceneDelegate.swift */,
				C988AAC127EC942B00AFF9E0 /* Assets.xcassets */,
				C988AAC327EC942B00AFF9E0 /* LaunchScreen.storyboard */,
			);
			path = Support;
			sourceTree = "<group>";
		};
		C988AAE027EC95CF00AFF9E0 /* Utilities */ = {
			isa = PBXGroup;
			children = (
				C988AAE127EC95E000AFF9E0 /* APIError.swift */,
				C995FB2427EDCA780098003B /* UIHelper.swift */,
				C9907BAE27EF043500692CA6 /* APISettings.swift */,
				C97DF11A27F040B2001E81E7 /* CoreDataError.swift */,
			);
			path = Utilities;
			sourceTree = "<group>";
		};
		C988AAE927ECC6F800AFF9E0 /* Favorites */ = {
			isa = PBXGroup;
			children = (
				C9907BC427EF718D00692CA6 /* FavoritesCell */,
				C988AAEA27ECC70B00AFF9E0 /* FavoritesVC.swift */,
			);
			path = Favorites;
			sourceTree = "<group>";
		};
		C9907BB827EF526A00692CA6 /* NewsDetail */ = {
			isa = PBXGroup;
			children = (
				C995FB2C27EDE42A0098003B /* NewsDetailVC.swift */,
			);
			path = NewsDetail;
			sourceTree = "<group>";
		};
		C9907BC027EF6E5800692CA6 /* CoreDataService */ = {
			isa = PBXGroup;
			children = (
				C9907BC127EF6E6B00692CA6 /* DataPersistanceManager.swift */,
			);
			path = CoreDataService;
			sourceTree = "<group>";
		};
		C9907BC427EF718D00692CA6 /* FavoritesCell */ = {
			isa = PBXGroup;
			children = (
				C9907BC527EF71B200692CA6 /* FavoritesCell.swift */,
			);
			path = FavoritesCell;
			sourceTree = "<group>";
		};
/* End PBXGroup section */

/* Begin PBXNativeTarget section */
		C988AAB427EC942800AFF9E0 /* DailyNewsApp */ = {
			isa = PBXNativeTarget;
			buildConfigurationList = C988AAC927EC942B00AFF9E0 /* Build configuration list for PBXNativeTarget "DailyNewsApp" */;
			buildPhases = (
				C988AAB127EC942800AFF9E0 /* Sources */,
				C988AAB227EC942800AFF9E0 /* Frameworks */,
				C988AAB327EC942800AFF9E0 /* Resources */,
			);
			buildRules = (
			);
			dependencies = (
			);
			name = DailyNewsApp;
			productName = DailyNewsApp;
			productReference = C988AAB527EC942800AFF9E0 /* DailyNewsApp.app */;
			productType = "com.apple.product-type.application";
		};
/* End PBXNativeTarget section */

/* Begin PBXProject section */
		C988AAAD27EC942800AFF9E0 /* Project object */ = {
			isa = PBXProject;
			attributes = {
				BuildIndependentTargetsInParallel = 1;
				LastSwiftUpdateCheck = 1320;
				LastUpgradeCheck = 1320;
				TargetAttributes = {
					C988AAB427EC942800AFF9E0 = {
						CreatedOnToolsVersion = 13.2.1;
					};
				};
			};
			buildConfigurationList = C988AAB027EC942800AFF9E0 /* Build configuration list for PBXProject "DailyNewsApp" */;
			compatibilityVersion = "Xcode 13.0";
			developmentRegion = en;
			hasScannedForEncodings = 0;
			knownRegions = (
				en,
				Base,
			);
			mainGroup = C988AAAC27EC942800AFF9E0;
			productRefGroup = C988AAB627EC942800AFF9E0 /* Products */;
			projectDirPath = "";
			projectRoot = "";
			targets = (
				C988AAB427EC942800AFF9E0 /* DailyNewsApp */,
			);
		};
/* End PBXProject section */

/* Begin PBXResourcesBuildPhase section */
		C988AAB327EC942800AFF9E0 /* Resources */ = {
			isa = PBXResourcesBuildPhase;
			buildActionMask = 2147483647;
			files = (
				C988AAC527EC942B00AFF9E0 /* LaunchScreen.storyboard in Resources */,
				C988AAC227EC942B00AFF9E0 /* Assets.xcassets in Resources */,
			);
			runOnlyForDeploymentPostprocessing = 0;
		};
/* End PBXResourcesBuildPhase section */

/* Begin PBXSourcesBuildPhase section */
		C988AAB127EC942800AFF9E0 /* Sources */ = {
			isa = PBXSourcesBuildPhase;
			buildActionMask = 2147483647;
			files = (
				C97DF11927F0372D001E81E7 /* MainTabBar.swift in Sources */,
				C995FB2D27EDE42A0098003B /* NewsDetailVC.swift in Sources */,
				C9907BBF27EF6C4F00692CA6 /* NewsAppModel.xcdatamodeld in Sources */,
				C995FB2527EDCA780098003B /* UIHelper.swift in Sources */,
				C988AADE27EC952300AFF9E0 /* News.swift in Sources */,
				C9907BC627EF71B200692CA6 /* FavoritesCell.swift in Sources */,
				C995FB2F27EE3FBD0098003B /* NButton.swift in Sources */,
				C988AAEB27ECC70B00AFF9E0 /* FavoritesVC.swift in Sources */,
				C988AADB27EC950D00AFF9E0 /* NewsService.swift in Sources */,
				C988AACF27EC947B00AFF9E0 /* NewsViewController.swift in Sources */,
				C988AAB927EC942800AFF9E0 /* AppDelegate.swift in Sources */,
				C988AAD327EC94C700AFF9E0 /* NewsCell.swift in Sources */,
				C988AABB27EC942800AFF9E0 /* SceneDelegate.swift in Sources */,
				C9907BAF27EF043500692CA6 /* APISettings.swift in Sources */,
				C97DF11B27F040B2001E81E7 /* CoreDataError.swift in Sources */,
				C988AAE227EC95E000AFF9E0 /* APIError.swift in Sources */,
				C9907BC227EF6E6B00692CA6 /* DataPersistanceManager.swift in Sources */,
				C988AAE427EC993200AFF9E0 /* NImageView.swift in Sources */,
				C988AAE627EC99D200AFF9E0 /* NLabel.swift in Sources */,
			);
			runOnlyForDeploymentPostprocessing = 0;
		};
/* End PBXSourcesBuildPhase section */

/* Begin PBXVariantGroup section */
		C988AAC327EC942B00AFF9E0 /* LaunchScreen.storyboard */ = {
			isa = PBXVariantGroup;
			children = (
				C988AAC427EC942B00AFF9E0 /* Base */,
			);
			name = LaunchScreen.storyboard;
			sourceTree = "<group>";
		};
/* End PBXVariantGroup section */

/* Begin XCBuildConfiguration section */
		C988AAC727EC942B00AFF9E0 /* Debug */ = {
			isa = XCBuildConfiguration;
			buildSettings = {
				ALWAYS_SEARCH_USER_PATHS = NO;
				CLANG_ANALYZER_NONNULL = YES;
				CLANG_ANALYZER_NUMBER_OBJECT_CONVERSION = YES_AGGRESSIVE;
				CLANG_CXX_LANGUAGE_STANDARD = "gnu++17";
				CLANG_CXX_LIBRARY = "libc++";
				CLANG_ENABLE_MODULES = YES;
				CLANG_ENABLE_OBJC_ARC = YES;
				CLANG_ENABLE_OBJC_WEAK = YES;
				CLANG_WARN_BLOCK_CAPTURE_AUTORELEASING = YES;
				CLANG_WARN_BOOL_CONVERSION = YES;
				CLANG_WARN_COMMA = YES;
				CLANG_WARN_CONSTANT_CONVERSION = YES;
				CLANG_WARN_DEPRECATED_OBJC_IMPLEMENTATIONS = YES;
				CLANG_WARN_DIRECT_OBJC_ISA_USAGE = YES_ERROR;
				CLANG_WARN_DOCUMENTATION_COMMENTS = YES;
				CLANG_WARN_EMPTY_BODY = YES;
				CLANG_WARN_ENUM_CONVERSION = YES;
				CLANG_WARN_INFINITE_RECURSION = YES;
				CLANG_WARN_INT_CONVERSION = YES;
				CLANG_WARN_NON_LITERAL_NULL_CONVERSION = YES;
				CLANG_WARN_OBJC_IMPLICIT_RETAIN_SELF = YES;
				CLANG_WARN_OBJC_LITERAL_CONVERSION = YES;
				CLANG_WARN_OBJC_ROOT_CLASS = YES_ERROR;
				CLANG_WARN_QUOTED_INCLUDE_IN_FRAMEWORK_HEADER = YES;
				CLANG_WARN_RANGE_LOOP_ANALYSIS = YES;
				CLANG_WARN_STRICT_PROTOTYPES = YES;
				CLANG_WARN_SUSPICIOUS_MOVE = YES;
				CLANG_WARN_UNGUARDED_AVAILABILITY = YES_AGGRESSIVE;
				CLANG_WARN_UNREACHABLE_CODE = YES;
				CLANG_WARN__DUPLICATE_METHOD_MATCH = YES;
				COPY_PHASE_STRIP = NO;
				DEBUG_INFORMATION_FORMAT = dwarf;
				ENABLE_STRICT_OBJC_MSGSEND = YES;
				ENABLE_TESTABILITY = YES;
				GCC_C_LANGUAGE_STANDARD = gnu11;
				GCC_DYNAMIC_NO_PIC = NO;
				GCC_NO_COMMON_BLOCKS = YES;
				GCC_OPTIMIZATION_LEVEL = 0;
				GCC_PREPROCESSOR_DEFINITIONS = (
					"DEBUG=1",
					"$(inherited)",
				);
				GCC_WARN_64_TO_32_BIT_CONVERSION = YES;
				GCC_WARN_ABOUT_RETURN_TYPE = YES_ERROR;
				GCC_WARN_UNDECLARED_SELECTOR = YES;
				GCC_WARN_UNINITIALIZED_AUTOS = YES_AGGRESSIVE;
				GCC_WARN_UNUSED_FUNCTION = YES;
				GCC_WARN_UNUSED_VARIABLE = YES;
				IPHONEOS_DEPLOYMENT_TARGET = 15.2;
				MTL_ENABLE_DEBUG_INFO = INCLUDE_SOURCE;
				MTL_FAST_MATH = YES;
				ONLY_ACTIVE_ARCH = YES;
				SDKROOT = iphoneos;
				SWIFT_ACTIVE_COMPILATION_CONDITIONS = DEBUG;
				SWIFT_OPTIMIZATION_LEVEL = "-Onone";
			};
			name = Debug;
		};
		C988AAC827EC942B00AFF9E0 /* Release */ = {
			isa = XCBuildConfiguration;
			buildSettings = {
				ALWAYS_SEARCH_USER_PATHS = NO;
				CLANG_ANALYZER_NONNULL = YES;
				CLANG_ANALYZER_NUMBER_OBJECT_CONVERSION = YES_AGGRESSIVE;
				CLANG_CXX_LANGUAGE_STANDARD = "gnu++17";
				CLANG_CXX_LIBRARY = "libc++";
				CLANG_ENABLE_MODULES = YES;
				CLANG_ENABLE_OBJC_ARC = YES;
				CLANG_ENABLE_OBJC_WEAK = YES;
				CLANG_WARN_BLOCK_CAPTURE_AUTORELEASING = YES;
				CLANG_WARN_BOOL_CONVERSION = YES;
				CLANG_WARN_COMMA = YES;
				CLANG_WARN_CONSTANT_CONVERSION = YES;
				CLANG_WARN_DEPRECATED_OBJC_IMPLEMENTATIONS = YES;
				CLANG_WARN_DIRECT_OBJC_ISA_USAGE = YES_ERROR;
				CLANG_WARN_DOCUMENTATION_COMMENTS = YES;
				CLANG_WARN_EMPTY_BODY = YES;
				CLANG_WARN_ENUM_CONVERSION = YES;
				CLANG_WARN_INFINITE_RECURSION = YES;
				CLANG_WARN_INT_CONVERSION = YES;
				CLANG_WARN_NON_LITERAL_NULL_CONVERSION = YES;
				CLANG_WARN_OBJC_IMPLICIT_RETAIN_SELF = YES;
				CLANG_WARN_OBJC_LITERAL_CONVERSION = YES;
				CLANG_WARN_OBJC_ROOT_CLASS = YES_ERROR;
				CLANG_WARN_QUOTED_INCLUDE_IN_FRAMEWORK_HEADER = YES;
				CLANG_WARN_RANGE_LOOP_ANALYSIS = YES;
				CLANG_WARN_STRICT_PROTOTYPES = YES;
				CLANG_WARN_SUSPICIOUS_MOVE = YES;
				CLANG_WARN_UNGUARDED_AVAILABILITY = YES_AGGRESSIVE;
				CLANG_WARN_UNREACHABLE_CODE = YES;
				CLANG_WARN__DUPLICATE_METHOD_MATCH = YES;
				COPY_PHASE_STRIP = NO;
				DEBUG_INFORMATION_FORMAT = "dwarf-with-dsym";
				ENABLE_NS_ASSERTIONS = NO;
				ENABLE_STRICT_OBJC_MSGSEND = YES;
				GCC_C_LANGUAGE_STANDARD = gnu11;
				GCC_NO_COMMON_BLOCKS = YES;
				GCC_WARN_64_TO_32_BIT_CONVERSION = YES;
				GCC_WARN_ABOUT_RETURN_TYPE = YES_ERROR;
				GCC_WARN_UNDECLARED_SELECTOR = YES;
				GCC_WARN_UNINITIALIZED_AUTOS = YES_AGGRESSIVE;
				GCC_WARN_UNUSED_FUNCTION = YES;
				GCC_WARN_UNUSED_VARIABLE = YES;
				IPHONEOS_DEPLOYMENT_TARGET = 15.2;
				MTL_ENABLE_DEBUG_INFO = NO;
				MTL_FAST_MATH = YES;
				SDKROOT = iphoneos;
				SWIFT_COMPILATION_MODE = wholemodule;
				SWIFT_OPTIMIZATION_LEVEL = "-O";
				VALIDATE_PRODUCT = YES;
			};
			name = Release;
		};
		C988AACA27EC942B00AFF9E0 /* Debug */ = {
			isa = XCBuildConfiguration;
			buildSettings = {
				ASSETCATALOG_COMPILER_APPICON_NAME = AppIcon;
				ASSETCATALOG_COMPILER_GLOBAL_ACCENT_COLOR_NAME = AccentColor;
				CODE_SIGN_STYLE = Automatic;
				CURRENT_PROJECT_VERSION = 1;
				DEVELOPMENT_TEAM = 9ZR69YFKY4;
				GENERATE_INFOPLIST_FILE = YES;
				INFOPLIST_FILE = DailyNewsApp/Info.plist;
				INFOPLIST_KEY_UIApplicationSupportsIndirectInputEvents = YES;
				INFOPLIST_KEY_UILaunchStoryboardName = LaunchScreen;
				INFOPLIST_KEY_UISupportedInterfaceOrientations_iPad = "UIInterfaceOrientationPortrait UIInterfaceOrientationPortraitUpsideDown UIInterfaceOrientationLandscapeLeft UIInterfaceOrientationLandscapeRight";
				INFOPLIST_KEY_UISupportedInterfaceOrientations_iPhone = "UIInterfaceOrientationPortrait UIInterfaceOrientationLandscapeLeft UIInterfaceOrientationLandscapeRight";
				LD_RUNPATH_SEARCH_PATHS = (
					"$(inherited)",
					"@executable_path/Frameworks",
				);
				MARKETING_VERSION = 1.0;
				PRODUCT_BUNDLE_IDENTIFIER = com.serkankara.DailyNewsApp;
				PRODUCT_NAME = "$(TARGET_NAME)";
				SWIFT_EMIT_LOC_STRINGS = YES;
				SWIFT_VERSION = 5.0;
				TARGETED_DEVICE_FAMILY = "1,2";
			};
			name = Debug;
		};
		C988AACB27EC942B00AFF9E0 /* Release */ = {
			isa = XCBuildConfiguration;
			buildSettings = {
				ASSETCATALOG_COMPILER_APPICON_NAME = AppIcon;
				ASSETCATALOG_COMPILER_GLOBAL_ACCENT_COLOR_NAME = AccentColor;
				CODE_SIGN_STYLE = Automatic;
				CURRENT_PROJECT_VERSION = 1;
				DEVELOPMENT_TEAM = 9ZR69YFKY4;
				GENERATE_INFOPLIST_FILE = YES;
				INFOPLIST_FILE = DailyNewsApp/Info.plist;
				INFOPLIST_KEY_UIApplicationSupportsIndirectInputEvents = YES;
				INFOPLIST_KEY_UILaunchStoryboardName = LaunchScreen;
				INFOPLIST_KEY_UISupportedInterfaceOrientations_iPad = "UIInterfaceOrientationPortrait UIInterfaceOrientationPortraitUpsideDown UIInterfaceOrientationLandscapeLeft UIInterfaceOrientationLandscapeRight";
				INFOPLIST_KEY_UISupportedInterfaceOrientations_iPhone = "UIInterfaceOrientationPortrait UIInterfaceOrientationLandscapeLeft UIInterfaceOrientationLandscapeRight";
				LD_RUNPATH_SEARCH_PATHS = (
					"$(inherited)",
					"@executable_path/Frameworks",
				);
				MARKETING_VERSION = 1.0;
				PRODUCT_BUNDLE_IDENTIFIER = com.serkankara.DailyNewsApp;
				PRODUCT_NAME = "$(TARGET_NAME)";
				SWIFT_EMIT_LOC_STRINGS = YES;
				SWIFT_VERSION = 5.0;
				TARGETED_DEVICE_FAMILY = "1,2";
			};
			name = Release;
		};
/* End XCBuildConfiguration section */

/* Begin XCConfigurationList section */
		C988AAB027EC942800AFF9E0 /* Build configuration list for PBXProject "DailyNewsApp" */ = {
			isa = XCConfigurationList;
			buildConfigurations = (
				C988AAC727EC942B00AFF9E0 /* Debug */,
				C988AAC827EC942B00AFF9E0 /* Release */,
			);
			defaultConfigurationIsVisible = 0;
			defaultConfigurationName = Release;
		};
		C988AAC927EC942B00AFF9E0 /* Build configuration list for PBXNativeTarget "DailyNewsApp" */ = {
			isa = XCConfigurationList;
			buildConfigurations = (
				C988AACA27EC942B00AFF9E0 /* Debug */,
				C988AACB27EC942B00AFF9E0 /* Release */,
			);
			defaultConfigurationIsVisible = 0;
			defaultConfigurationName = Release;
		};
/* End XCConfigurationList section */

/* Begin XCVersionGroup section */
		C9907BBD27EF6C4F00692CA6 /* NewsAppModel.xcdatamodeld */ = {
			isa = XCVersionGroup;
			children = (
				C9907BBE27EF6C4F00692CA6 /* NewsAppModel.xcdatamodel */,
			);
			currentVersion = C9907BBE27EF6C4F00692CA6 /* NewsAppModel.xcdatamodel */;
			path = NewsAppModel.xcdatamodeld;
			sourceTree = "<group>";
			versionGroupType = wrapper.xcdatamodel;
		};
/* End XCVersionGroup section */
	};
	rootObject = C988AAAD27EC942800AFF9E0 /* Project object */;
}
